<?xml version="1.0" encoding="utf-8"?>
<Project ToolsVersion="4.0" xmlns="http://schemas.microsoft.com/developer/msbuild/2003">
  <ItemGroup>
    <Filter Include="Source Files">
      <UniqueIdentifier>{4FC737F1-C7A5-4376-A066-2A32D752A2FF}</UniqueIdentifier>
      <Extensions>cpp;cxx;c;def</Extensions>
    </Filter>
    <Filter Include="Form Files">
      <UniqueIdentifier>{99349809-55BA-4b9d-BF79-8FDBB0286EB3}</UniqueIdentifier>
      <Extensions>ui</Extensions>
    </Filter>
    <Filter Include="Resource Files">
      <UniqueIdentifier>{D9D6E242-F8AF-46E4-B9FD-80ECBC20BA3E}</UniqueIdentifier>
      <Extensions>qrc;*</Extensions>
      <ParseFiles>false</ParseFiles>
    </Filter>
    <Filter Include="Generated Files">
      <UniqueIdentifier>{71ED8ED8-ACB9-4CE9-BBE1-E00B30144E11}</UniqueIdentifier>
      <Extensions>moc;h;cpp</Extensions>
      <SourceControlFiles>False</SourceControlFiles>
    </Filter>
    <Filter Include="Generated Files\Debug">
      <UniqueIdentifier>{d9994c28-2135-4392-a82d-8d23107209b5}</UniqueIdentifier>
      <Extensions>cpp;moc</Extensions>
      <SourceControlFiles>False</SourceControlFiles>
    </Filter>
    <Filter Include="Generated Files\Release">
      <UniqueIdentifier>{0d16b07e-9b73-423e-9e6b-ff559d3311a9}</UniqueIdentifier>
      <Extensions>cpp;moc</Extensions>
      <SourceControlFiles>False</SourceControlFiles>
    </Filter>
    <Filter Include="PCH Files">
      <UniqueIdentifier>{ef8e8053-1588-4751-b17e-494d308f8e2a}</UniqueIdentifier>
    </Filter>
  </ItemGroup>
  <ItemGroup>
    <ClCompile Include="Src\NoticeMessageBox.cpp">
      <Filter>Source Files</Filter>
    </ClCompile>
    <ClCompile Include="Src\QTUtils.cpp">
      <Filter>Source Files</Filter>
    </ClCompile>
    <ClCompile Include="Src\Main.cpp">
      <Filter>Source Files</Filter>
    </ClCompile>
    <ClCompile Include="Src\NodeInstanceManager.cpp">
      <Filter>Source Files</Filter>
    </ClCompile>
    <ClCompile Include="Src\NodeInstanceSettings.cpp">
      <Filter>Source Files</Filter>
    </ClCompile>
    <ClCompile Include="Build.Output\GeneratedFiles\Debug\moc_QTUtils.cpp">
      <Filter>Generated Files\Debug</Filter>
    </ClCompile>
    <ClCompile Include="Build.Output\GeneratedFiles\Release\moc_QTUtils.cpp">
      <Filter>Generated Files\Release</Filter>
    </ClCompile>
    <ClCompile Include="Build.Output\GeneratedFiles\Debug\moc_NoticeMessageBox.cpp">
      <Filter>Generated Files\Debug</Filter>
    </ClCompile>
    <ClCompile Include="Build.Output\GeneratedFiles\Release\moc_NoticeMessageBox.cpp">
      <Filter>Generated Files\Release</Filter>
    </ClCompile>
    <ClCompile Include="Build.Output\GeneratedFiles\qrc_nim.cpp">
      <Filter>Generated Files</Filter>
    </ClCompile>
    <ClCompile Include="Src\Precompiled.cpp">
      <Filter>PCH Files</Filter>
    </ClCompile>
    <ClCompile Include="Src\NIM.cpp">
      <Filter>Source Files</Filter>
    </ClCompile>
    <ClCompile Include="Build.Output\GeneratedFiles\Debug\moc_NIM.cpp">
      <Filter>Generated Files\Debug</Filter>
    </ClCompile>
    <ClCompile Include="Build.Output\GeneratedFiles\Release\moc_NIM.cpp">
      <Filter>Generated Files\Release</Filter>
    </ClCompile>
    <ClCompile Include="Src\NodeInstance.cpp">
      <Filter>Source Files</Filter>
    </ClCompile>
    <ClCompile Include="Build.Output\GeneratedFiles\Debug\moc_NodeInstance.cpp">
      <Filter>Generated Files\Debug</Filter>
    </ClCompile>
    <ClCompile Include="Build.Output\GeneratedFiles\Release\moc_NodeInstance.cpp">
      <Filter>Generated Files\Release</Filter>
    </ClCompile>
    <ClCompile Include="Src\NodeInstanceWidget.cpp">
      <Filter>Source Files</Filter>
    </ClCompile>
    <ClCompile Include="Build.Output\GeneratedFiles\Debug\moc_NodeInstanceWidget.cpp">
      <Filter>Generated Files\Debug</Filter>
    </ClCompile>
    <ClCompile Include="Build.Output\GeneratedFiles\Release\moc_NodeInstanceWidget.cpp">
      <Filter>Generated Files\Release</Filter>
    </ClCompile>
  </ItemGroup>
  <ItemGroup>
    <ClInclude Include="Src\NodeInstanceManager.h">
      <Filter>Source Files</Filter>
    </ClInclude>
    <ClInclude Include="Src\NodeInstanceSettings.h">
      <Filter>Source Files</Filter>
    </ClInclude>
    <ClInclude Include="Build.Output\GeneratedFiles\ui_nim.h">
      <Filter>Generated Files</Filter>
    </ClInclude>
    <ClInclude Include="Src\Precompiled.h">
      <Filter>PCH Files</Filter>
    </ClInclude>
  </ItemGroup>
  <ItemGroup>
    <CustomBuild Include="nim.ui">
      <Filter>Form Files</Filter>
    </CustomBuild>
    <CustomBuild Include="nim.qrc">
      <Filter>Resource Files</Filter>
    </CustomBuild>
    <CustomBuild Include="Src\NoticeMessageBox.h">
      <Filter>Source Files</Filter>
    </CustomBuild>
    <CustomBuild Include="Src\QTUtils.h">
      <Filter>Source Files</Filter>
    </CustomBuild>
    <CustomBuild Include="Src\NIM.h">
      <Filter>Source Files</Filter>
    </CustomBuild>
    <CustomBuild Include="Src\NodeInstance.h">
      <Filter>Source Files</Filter>
    </CustomBuild>
    <CustomBuild Include="Src\NodeInstanceWidget.h">
      <Filter>Source Files</Filter>
    </CustomBuild>
  </ItemGroup>
  <ItemGroup>
    <ResourceCompile Include="NIM.rc">
      <Filter>Resource Files</Filter>
    </ResourceCompile>
  </ItemGroup>
  <ItemGroup>
    <None Include="Resources\main-icon.png">
      <Filter>Resource Files</Filter>
    </None>
    <None Include="Resources\configuration-icon.png">
      <Filter>Resource Files</Filter>
    </None>
    <None Include="Resources\shutdown-icon.png">
      <Filter>Resource Files</Filter>
    </None>
    <None Include="Resources\add-node.png">
      <Filter>Resource Files</Filter>
    </None>
    <None Include="Resources\delete-node.png">
      <Filter>Resource Files</Filter>
    </None>
    <None Include="Resources\start-node.png">
      <Filter>Resource Files</Filter>
    </None>
    <None Include="Resources\stop-node.png">
      <Filter>Resource Files</Filter>
    </None>
    <None Include="Resources\more-options.png">
      <Filter>Resource Files</Filter>
    </None>
  </ItemGroup>
</Project>